
Microsoft Visual Studio Solution File, Format Version 12.00
# Visual Studio Version 17
VisualStudioVersion = 17.11.35327.3
MinimumVisualStudioVersion = 10.0.40219.1
Project("{FAE04EC0-301F-11D3-BF4B-00C04F79EFBC}") = "Fitpad", "Fitpad\Fitpad.csproj", "{8CE7B69B-4D79-4149-90D4-4939BE1AAA54}"
EndProject
Global
	GlobalSection(SolutionConfigurationPlatforms) = preSolution
		Debug|Any CPU = Debug|Any CPU
		Release|Any CPU = Release|Any CPU
	EndGlobalSection
	GlobalSection(ProjectConfigurationPlatforms) = postSolution
		{8CE7B69B-4D79-4149-90D4-4939BE1AAA54}.Debug|Any CPU.ActiveCfg = Debug|Any CPU
		{8CE7B69B-4D79-4149-90D4-4939BE1AAA54}.Debug|Any CPU.Build.0 = Debug|Any CPU
		{8CE7B69B-4D79-4149-90D4-4939BE1AAA54}.Release|Any CPU.ActiveCfg = Release|Any CPU
		{8CE7B69B-4D79-4149-90D4-4939BE1AAA54}.Release|Any CPU.Build.0 = Release|Any CPU
	EndGlobalSection
	GlobalSection(SolutionProperties) = preSolution
		HideSolutionNode = FALSE
	EndGlobalSection
	GlobalSection(ExtensibilityGlobals) = postSolution
		SolutionGuid = {33186553-C7CD-4190-A537-8F319ADE9BE0}
	EndGlobalSection
EndGlobal
